
Microsoft Visual Studio Solution File, Format Version 12.00
# Visual Studio Version 18
VisualStudioVersion = 18.6.11806.211 stable
MinimumVisualStudioVersion = 10.0.40219.1
Project("{FAE04EC0-301F-11D3-BF4B-00C04F79EFBC}") = "Website_QuanLyKhoHangThucPham", "Website_QuanLyKhoHangThucPham.csproj", "{F7B5643E-0102-412B-4AE3-FB59A027367F}"
EndProject
Global
	GlobalSection(SolutionConfigurationPlatforms) = preSolution
		Debug|Any CPU = Debug|Any CPU
		Release|Any CPU = Release|Any CPU
	EndGlobalSection
	GlobalSection(ProjectConfigurationPlatforms) = postSolution
		{F7B5643E-0102-412B-4AE3-FB59A027367F}.Debug|Any CPU.ActiveCfg = Debug|Any CPU
		{F7B5643E-0102-412B-4AE3-FB59A027367F}.Debug|Any CPU.Build.0 = Debug|Any CPU
		{F7B5643E-0102-412B-4AE3-FB59A027367F}.Release|Any CPU.ActiveCfg = Release|Any CPU
		{F7B5643E-0102-412B-4AE3-FB59A027367F}.Release|Any CPU.Build.0 = Release|Any CPU
	EndGlobalSection
	GlobalSection(SolutionProperties) = preSolution
		HideSolutionNode = FALSE
	EndGlobalSection
	GlobalSection(ExtensibilityGlobals) = postSolution
		SolutionGuid = {366DAC1F-D633-4395-B30A-B175A44DA98E}
	EndGlobalSection
EndGlobal
